Microsoft Visual Studio Solution File, Format Version 12.00
# Visual Studio Version 17
VisualStudioVersion = 17.5.2.0
MinimumVisualStudioVersion = 10.0.40219.1
Project("{FAE04EC0-301F-11D3-BF4B-00C04F79EFBC}") = "MVCGitProject", "MVCGitProject.csproj", "{782A4B1C-91ED-1472-1084-EA8BEE8ACBFC}"
EndProject
Global
	GlobalSection(SolutionConfigurationPlatforms) = preSolution
		Debug|Any CPU = Debug|Any CPU
		Release|Any CPU = Release|Any CPU
	EndGlobalSection
	GlobalSection(ProjectConfigurationPlatforms) = postSolution
		{782A4B1C-91ED-1472-1084-EA8BEE8ACBFC}.Debug|Any CPU.ActiveCfg = Debug|Any CPU
		{782A4B1C-91ED-1472-1084-EA8BEE8ACBFC}.Debug|Any CPU.Build.0 = Debug|Any CPU
		{782A4B1C-91ED-1472-1084-EA8BEE8ACBFC}.Release|Any CPU.ActiveCfg = Release|Any CPU
		{782A4B1C-91ED-1472-1084-EA8BEE8ACBFC}.Release|Any CPU.Build.0 = Release|Any CPU
	EndGlobalSection
	GlobalSection(SolutionProperties) = preSolution
		HideSolutionNode = FALSE
	EndGlobalSection
	GlobalSection(ExtensibilityGlobals) = postSolution
		SolutionGuid = {71AAFFBF-DCD6-4C3E-A9FB-32E71103D106}
	EndGlobalSection
EndGlobal
